
Microsoft Visual Studio Solution File, Format Version 12.00
# Visual Studio Version 17
VisualStudioVersion = 17.3.32929.385
MinimumVisualStudioVersion = 10.0.40219.1
Project("{FAE04EC0-301F-11D3-BF4B-00C04F79EFBC}") = "118. Pascal's Triangle", "118. Pascal's Triangle\118. Pascal's Triangle.csproj", "{EED4265E-D18D-463D-A558-E0D4F0B63C6A}"
EndProject
Global
	GlobalSection(SolutionConfigurationPlatforms) = preSolution
		Debug|Any CPU = Debug|Any CPU
		Release|Any CPU = Release|Any CPU
	EndGlobalSection
	GlobalSection(ProjectConfigurationPlatforms) = postSolution
		{EED4265E-D18D-463D-A558-E0D4F0B63C6A}.Debug|Any CPU.ActiveCfg = Debug|Any CPU
		{EED4265E-D18D-463D-A558-E0D4F0B63C6A}.Debug|Any CPU.Build.0 = Debug|Any CPU
		{EED4265E-D18D-463D-A558-E0D4F0B63C6A}.Release|Any CPU.ActiveCfg = Release|Any CPU
		{EED4265E-D18D-463D-A558-E0D4F0B63C6A}.Release|Any CPU.Build.0 = Release|Any CPU
	EndGlobalSection
	GlobalSection(SolutionProperties) = preSolution
		HideSolutionNode = FALSE
	EndGlobalSection
	GlobalSection(ExtensibilityGlobals) = postSolution
		SolutionGuid = {5D83DD9B-62A8-421F-BD24-3AD63FBBE02E}
	EndGlobalSection
EndGlobal
