
Microsoft Visual Studio Solution File, Format Version 12.00
# Visual Studio Version 17
VisualStudioVersion = 17.3.32929.385
MinimumVisualStudioVersion = 10.0.40219.1
Project("{FAE04EC0-301F-11D3-BF4B-00C04F79EFBC}") = "125. Valid Palindrome", "125. Valid Palindrome\125. Valid Palindrome.csproj", "{D9666C85-25BA-46A3-8A3E-9BDD431AF091}"
EndProject
Global
	GlobalSection(SolutionConfigurationPlatforms) = preSolution
		Debug|Any CPU = Debug|Any CPU
		Release|Any CPU = Release|Any CPU
	EndGlobalSection
	GlobalSection(ProjectConfigurationPlatforms) = postSolution
		{D9666C85-25BA-46A3-8A3E-9BDD431AF091}.Debug|Any CPU.ActiveCfg = Debug|Any CPU
		{D9666C85-25BA-46A3-8A3E-9BDD431AF091}.Debug|Any CPU.Build.0 = Debug|Any CPU
		{D9666C85-25BA-46A3-8A3E-9BDD431AF091}.Release|Any CPU.ActiveCfg = Release|Any CPU
		{D9666C85-25BA-46A3-8A3E-9BDD431AF091}.Release|Any CPU.Build.0 = Release|Any CPU
	EndGlobalSection
	GlobalSection(SolutionProperties) = preSolution
		HideSolutionNode = FALSE
	EndGlobalSection
	GlobalSection(ExtensibilityGlobals) = postSolution
		SolutionGuid = {8761A0EC-EBE1-426B-896A-8C1CBA7CEEDB}
	EndGlobalSection
EndGlobal
