
Microsoft Visual Studio Solution File, Format Version 12.00
# Visual Studio Version 17
VisualStudioVersion = 17.3.32929.385
MinimumVisualStudioVersion = 10.0.40219.1
Project("{FAE04EC0-301F-11D3-BF4B-00C04F79EFBC}") = "110. Balanced Binary Tree", "110. Balanced Binary Tree\110. Balanced Binary Tree.csproj", "{02E237BE-9ABC-4B29-BEBC-CBC29D050CEF}"
EndProject
Global
	GlobalSection(SolutionConfigurationPlatforms) = preSolution
		Debug|Any CPU = Debug|Any CPU
		Release|Any CPU = Release|Any CPU
	EndGlobalSection
	GlobalSection(ProjectConfigurationPlatforms) = postSolution
		{02E237BE-9ABC-4B29-BEBC-CBC29D050CEF}.Debug|Any CPU.ActiveCfg = Debug|Any CPU
		{02E237BE-9ABC-4B29-BEBC-CBC29D050CEF}.Debug|Any CPU.Build.0 = Debug|Any CPU
		{02E237BE-9ABC-4B29-BEBC-CBC29D050CEF}.Release|Any CPU.ActiveCfg = Release|Any CPU
		{02E237BE-9ABC-4B29-BEBC-CBC29D050CEF}.Release|Any CPU.Build.0 = Release|Any CPU
	EndGlobalSection
	GlobalSection(SolutionProperties) = preSolution
		HideSolutionNode = FALSE
	EndGlobalSection
	GlobalSection(ExtensibilityGlobals) = postSolution
		SolutionGuid = {57F1A3A4-CECF-4C7A-8BA2-E69FADBC5777}
	EndGlobalSection
EndGlobal
