
Microsoft Visual Studio Solution File, Format Version 12.00
# Visual Studio Version 17
VisualStudioVersion = 17.3.32929.385
MinimumVisualStudioVersion = 10.0.40219.1
Project("{FAE04EC0-301F-11D3-BF4B-00C04F79EFBC}") = "141. Linked List Cycle", "141. Linked List Cycle\141. Linked List Cycle.csproj", "{25F14F02-D518-4FBE-B903-7BF403ED9F38}"
EndProject
Global
	GlobalSection(SolutionConfigurationPlatforms) = preSolution
		Debug|Any CPU = Debug|Any CPU
		Release|Any CPU = Release|Any CPU
	EndGlobalSection
	GlobalSection(ProjectConfigurationPlatforms) = postSolution
		{25F14F02-D518-4FBE-B903-7BF403ED9F38}.Debug|Any CPU.ActiveCfg = Debug|Any CPU
		{25F14F02-D518-4FBE-B903-7BF403ED9F38}.Debug|Any CPU.Build.0 = Debug|Any CPU
		{25F14F02-D518-4FBE-B903-7BF403ED9F38}.Release|Any CPU.ActiveCfg = Release|Any CPU
		{25F14F02-D518-4FBE-B903-7BF403ED9F38}.Release|Any CPU.Build.0 = Release|Any CPU
	EndGlobalSection
	GlobalSection(SolutionProperties) = preSolution
		HideSolutionNode = FALSE
	EndGlobalSection
	GlobalSection(ExtensibilityGlobals) = postSolution
		SolutionGuid = {2EAC8312-5ABE-46FD-97B7-84777F83460B}
	EndGlobalSection
EndGlobal
