
Microsoft Visual Studio Solution File, Format Version 12.00
# Visual Studio Version 17
VisualStudioVersion = 17.3.32929.385
MinimumVisualStudioVersion = 10.0.40219.1
Project("{FAE04EC0-301F-11D3-BF4B-00C04F79EFBC}") = "88. Merge Sorted Array", "88. Merge Sorted Array\88. Merge Sorted Array.csproj", "{ED608EC3-DA62-4445-9603-D249197CD38E}"
EndProject
Global
	GlobalSection(SolutionConfigurationPlatforms) = preSolution
		Debug|Any CPU = Debug|Any CPU
		Release|Any CPU = Release|Any CPU
	EndGlobalSection
	GlobalSection(ProjectConfigurationPlatforms) = postSolution
		{ED608EC3-DA62-4445-9603-D249197CD38E}.Debug|Any CPU.ActiveCfg = Debug|Any CPU
		{ED608EC3-DA62-4445-9603-D249197CD38E}.Debug|Any CPU.Build.0 = Debug|Any CPU
		{ED608EC3-DA62-4445-9603-D249197CD38E}.Release|Any CPU.ActiveCfg = Release|Any CPU
		{ED608EC3-DA62-4445-9603-D249197CD38E}.Release|Any CPU.Build.0 = Release|Any CPU
	EndGlobalSection
	GlobalSection(SolutionProperties) = preSolution
		HideSolutionNode = FALSE
	EndGlobalSection
	GlobalSection(ExtensibilityGlobals) = postSolution
		SolutionGuid = {E8ADC8F1-8263-4557-80ED-64685FCD642B}
	EndGlobalSection
EndGlobal
